
Microsoft Visual Studio Solution File, Format Version 12.00
# Visual Studio 14
VisualStudioVersion = 14.0.25420.1
MinimumVisualStudioVersion = 10.0.40219.1
Project("{FAE04EC0-301F-11D3-BF4B-00C04F79EFBC}") = "OneSignal", "OneSignal\OneSignal.csproj", "{556F850C-1365-496E-9400-C06E85F4E95B}"
EndProject
Project("{FAE04EC0-301F-11D3-BF4B-00C04F79EFBC}") = "Backend", "Backend\Backend.csproj", "{D122D72D-465D-4A42-9843-C6F81D910EB1}"
EndProject
Global
	GlobalSection(SolutionConfigurationPlatforms) = preSolution
		Debug|Any CPU = Debug|Any CPU
		Release|Any CPU = Release|Any CPU
	EndGlobalSection
	GlobalSection(ProjectConfigurationPlatforms) = postSolution
		{556F850C-1365-496E-9400-C06E85F4E95B}.Debug|Any CPU.ActiveCfg = Debug|Any CPU
		{556F850C-1365-496E-9400-C06E85F4E95B}.Debug|Any CPU.Build.0 = Debug|Any CPU
		{556F850C-1365-496E-9400-C06E85F4E95B}.Release|Any CPU.ActiveCfg = Release|Any CPU
		{556F850C-1365-496E-9400-C06E85F4E95B}.Release|Any CPU.Build.0 = Release|Any CPU
		{D122D72D-465D-4A42-9843-C6F81D910EB1}.Debug|Any CPU.ActiveCfg = Debug|Any CPU
		{D122D72D-465D-4A42-9843-C6F81D910EB1}.Debug|Any CPU.Build.0 = Debug|Any CPU
		{D122D72D-465D-4A42-9843-C6F81D910EB1}.Release|Any CPU.ActiveCfg = Release|Any CPU
		{D122D72D-465D-4A42-9843-C6F81D910EB1}.Release|Any CPU.Build.0 = Release|Any CPU
	EndGlobalSection
	GlobalSection(SolutionProperties) = preSolution
		HideSolutionNode = FALSE
	EndGlobalSection
EndGlobal
